
Microsoft Visual Studio Solution File, Format Version 12.00
# Visual Studio Version 17
VisualStudioVersion = 17.11.35222.181
MinimumVisualStudioVersion = 10.0.40219.1
Project("{FAE04EC0-301F-11D3-BF4B-00C04F79EFBC}") = "TrigonometricValueTable", "TrigonometricValueTable\TrigonometricValueTable.csproj", "{693D7B58-DE05-4342-BFAB-27592420EFDE}"
EndProject
Global
	GlobalSection(SolutionConfigurationPlatforms) = preSolution
		Debug|Any CPU = Debug|Any CPU
		Release|Any CPU = Release|Any CPU
	EndGlobalSection
	GlobalSection(ProjectConfigurationPlatforms) = postSolution
		{693D7B58-DE05-4342-BFAB-27592420EFDE}.Debug|Any CPU.ActiveCfg = Debug|Any CPU
		{693D7B58-DE05-4342-BFAB-27592420EFDE}.Debug|Any CPU.Build.0 = Debug|Any CPU
		{693D7B58-DE05-4342-BFAB-27592420EFDE}.Release|Any CPU.ActiveCfg = Release|Any CPU
		{693D7B58-DE05-4342-BFAB-27592420EFDE}.Release|Any CPU.Build.0 = Release|Any CPU
	EndGlobalSection
	GlobalSection(SolutionProperties) = preSolution
		HideSolutionNode = FALSE
	EndGlobalSection
	GlobalSection(ExtensibilityGlobals) = postSolution
		SolutionGuid = {56EFAD8F-C10A-418A-B66A-9D9A10A3D0B9}
	EndGlobalSection
EndGlobal
